
Microsoft Visual Studio Solution File, Format Version 12.00
# Visual Studio Version 17
VisualStudioVersion = 17.4.33122.133
MinimumVisualStudioVersion = 10.0.40219.1
Project("{FAE04EC0-301F-11D3-BF4B-00C04F79EFBC}") = "Libracantus Agrifabula", "Libracantus Agrifabula\Libracantus Agrifabula.csproj", "{6AF6FDD9-C7F7-4FB1-A306-F423FFDB4D63}"
EndProject
Global
	GlobalSection(SolutionConfigurationPlatforms) = preSolution
		Debug|Any CPU = Debug|Any CPU
		Release|Any CPU = Release|Any CPU
	EndGlobalSection
	GlobalSection(ProjectConfigurationPlatforms) = postSolution
		{6AF6FDD9-C7F7-4FB1-A306-F423FFDB4D63}.Debug|Any CPU.ActiveCfg = Debug|Any CPU
		{6AF6FDD9-C7F7-4FB1-A306-F423FFDB4D63}.Debug|Any CPU.Build.0 = Debug|Any CPU
		{6AF6FDD9-C7F7-4FB1-A306-F423FFDB4D63}.Release|Any CPU.ActiveCfg = Release|Any CPU
		{6AF6FDD9-C7F7-4FB1-A306-F423FFDB4D63}.Release|Any CPU.Build.0 = Release|Any CPU
	EndGlobalSection
	GlobalSection(SolutionProperties) = preSolution
		HideSolutionNode = FALSE
	EndGlobalSection
	GlobalSection(ExtensibilityGlobals) = postSolution
		SolutionGuid = {C16C9775-2EE5-41FD-B293-110383E3D80C}
	EndGlobalSection
EndGlobal
